
Microsoft Visual Studio Solution File, Format Version 12.00
# Visual Studio Version 17
VisualStudioVersion = 17.13.35825.156 d17.13
MinimumVisualStudioVersion = 10.0.40219.1
Project("{FAE04EC0-301F-11D3-BF4B-00C04F79EFBC}") = "250319_김채윤", "250319_김채윤\250319_김채윤.csproj", "{467CA76D-A718-4E56-829C-67AF87F9455B}"
EndProject
Global
	GlobalSection(SolutionConfigurationPlatforms) = preSolution
		Debug|Any CPU = Debug|Any CPU
		Release|Any CPU = Release|Any CPU
	EndGlobalSection
	GlobalSection(ProjectConfigurationPlatforms) = postSolution
		{467CA76D-A718-4E56-829C-67AF87F9455B}.Debug|Any CPU.ActiveCfg = Debug|Any CPU
		{467CA76D-A718-4E56-829C-67AF87F9455B}.Debug|Any CPU.Build.0 = Debug|Any CPU
		{467CA76D-A718-4E56-829C-67AF87F9455B}.Release|Any CPU.ActiveCfg = Release|Any CPU
		{467CA76D-A718-4E56-829C-67AF87F9455B}.Release|Any CPU.Build.0 = Release|Any CPU
	EndGlobalSection
	GlobalSection(SolutionProperties) = preSolution
		HideSolutionNode = FALSE
	EndGlobalSection
	GlobalSection(ExtensibilityGlobals) = postSolution
		SolutionGuid = {B92009D2-8CDA-47CE-AAA0-7B9F448B15BF}
	EndGlobalSection
EndGlobal
